# This file is autogenerated, do not edit; changes may be undone by the next 'dep ensure'.


[[projects]]
  digest = "1:1a4463b400230c46b19676d74552bf24dfddc5287c0e4f3d86bcfec07ad3e666"
  name = "github.com/gojek/heimdall"
  packages = [
    ".",
    "httpclient",
  ]
  pruneopts = "UT"
  revision = "d96502fee6ce808d44580bd44f1a168fa633bd66"
  version = "v5.0.2"

[[projects]]
  digest = "1:02c1c67a8f7c0b452db2516fb82c03ce050a0aba571e3ce35631eca4e2188e6b"
  name = "github.com/gojektech/heimdall"
  packages = ["."]
  pruneopts = "UT"
  revision = "d96502fee6ce808d44580bd44f1a168fa633bd66"
  version = "v5.0.2"

[[projects]]
  digest = "1:4f9da36d750deeff2ed82b44b15245337d1a2f1bf8a671c80f97059d7ce8517d"
  name = "github.com/gojektech/valkyrie"
  packages = ["."]
  pruneopts = "UT"
  revision = "6aee720afcdffc337029305c126e0079491063f0"
  version = "v1.0"

[[projects]]
  digest = "1:cf31692c14422fa27c83a05292eb5cbe0fb2775972e8f1f8446a71549bd8980b"
  name = "github.com/pkg/errors"
  packages = ["."]
  pruneopts = "UT"
  revision = "ba968bfe8b2f7e042a574c888954fccecfa385b4"
  version = "v0.8.1"

[solve-meta]
  analyzer-name = "dep"
  analyzer-version = 1
  input-imports = [
    "github.com/gojek/heimdall",
    "github.com/gojek/heimdall/httpclient",
  ]
  solver-name = "gps-cdcl"
  solver-version = 1
